// !$*UTF8*$!
{
	archiveVersion = 1;
	classes = {
	};
	objectVersion = 46;
	objects = {

/* Begin PBXBuildFile section */
		0A1675C61E128FFD001EB6C6 /* attendanceCollectionViewCell.swift in Sources */ = {isa = PBXBuildFile; fileRef = 0A1675C51E128FFD001EB6C6 /* attendanceCollectionViewCell.swift */; };
		0A6D6F8B1E12556B00A327C4 /* AttendancePopUp.swift in Sources */ = {isa = PBXBuildFile; fileRef = 0A6D6F8A1E12556B00A327C4 /* AttendancePopUp.swift */; };
		0A6E60971E0BB1DA00B06565 /* CellView.swift in Sources */ = {isa = PBXBuildFile; fileRef = 0A6E60951E0BB1DA00B06565 /* CellView.swift */; };
		0A6E60981E0BB1DA00B06565 /* CellView.xib in Resources */ = {isa = PBXBuildFile; fileRef = 0A6E60961E0BB1DA00B06565 /* CellView.xib */; };
		701073ED1E1E2D150003D522 /* SWRevealViewController.m in Sources */ = {isa = PBXBuildFile; fileRef = 701073EC1E1E2D150003D522 /* SWRevealViewController.m */; };
		701073EF1E1E327B0003D522 /* loginViewController.swift in Sources */ = {isa = PBXBuildFile; fileRef = 701073EE1E1E327B0003D522 /* loginViewController.swift */; };
		701073F11E1E59110003D522 /* sideMenu.swift in Sources */ = {isa = PBXBuildFile; fileRef = 701073F01E1E59110003D522 /* sideMenu.swift */; };
		701073F31E1E59380003D522 /* sideMenuTableViewCell.swift in Sources */ = {isa = PBXBuildFile; fileRef = 701073F21E1E59380003D522 /* sideMenuTableViewCell.swift */; };
		701073F51E1E5CF40003D522 /* dashBoardViewController.swift in Sources */ = {isa = PBXBuildFile; fileRef = 701073F41E1E5CF40003D522 /* dashBoardViewController.swift */; };
		701073F91E1E5DFD0003D522 /* dashboardCollectionViewCell.swift in Sources */ = {isa = PBXBuildFile; fileRef = 701073F81E1E5DFD0003D522 /* dashboardCollectionViewCell.swift */; };
		701073FC1E1E67B40003D522 /* Main.storyboard in Resources */ = {isa = PBXBuildFile; fileRef = 701073FA1E1E67B40003D522 /* Main.storyboard */; };
		702F16431E1A5DA100CD268D /* hrDataModel.swift in Sources */ = {isa = PBXBuildFile; fileRef = 702F16421E1A5DA100CD268D /* hrDataModel.swift */; };
		702F16451E1A664000CD268D /* hrDataServices.swift in Sources */ = {isa = PBXBuildFile; fileRef = 702F16441E1A664000CD268D /* hrDataServices.swift */; };
		702F16471E1A786300CD268D /* hrDataController.swift in Sources */ = {isa = PBXBuildFile; fileRef = 702F16461E1A786300CD268D /* hrDataController.swift */; };
		702F16491E1A787D00CD268D /* hrDataViewModel.swift in Sources */ = {isa = PBXBuildFile; fileRef = 702F16481E1A787D00CD268D /* hrDataViewModel.swift */; };
		702F164B1E1A78B600CD268D /* hrDataProtocols.swift in Sources */ = {isa = PBXBuildFile; fileRef = 702F164A1E1A78B600CD268D /* hrDataProtocols.swift */; };
		70575C061E0B9403009BEF7F /* MGCollapsingHeaderView.m in Sources */ = {isa = PBXBuildFile; fileRef = 70575C051E0B9403009BEF7F /* MGCollapsingHeaderView.m */; };
		705A5ECC1E39C1D50011C529 /* loginViewModel.swift in Sources */ = {isa = PBXBuildFile; fileRef = 705A5ECB1E39C1D50011C529 /* loginViewModel.swift */; };
		705A5ECE1E39C1E70011C529 /* loginController.swift in Sources */ = {isa = PBXBuildFile; fileRef = 705A5ECD1E39C1E70011C529 /* loginController.swift */; };
		705A5ED01E39C1FD0011C529 /* loginServices.swift in Sources */ = {isa = PBXBuildFile; fileRef = 705A5ECF1E39C1FD0011C529 /* loginServices.swift */; };
		705A5ED21E39C7840011C529 /* loginProtocols.swift in Sources */ = {isa = PBXBuildFile; fileRef = 705A5ED11E39C7840011C529 /* loginProtocols.swift */; };
		705DF99C1E24F9E200181221 /* attendanceServices.swift in Sources */ = {isa = PBXBuildFile; fileRef = 705DF99B1E24F9E200181221 /* attendanceServices.swift */; };
		705DF99E1E2500C000181221 /* attendanceController.swift in Sources */ = {isa = PBXBuildFile; fileRef = 705DF99D1E2500C000181221 /* attendanceController.swift */; };
		705DF9A01E2500DE00181221 /* attendanceViewModel.swift in Sources */ = {isa = PBXBuildFile; fileRef = 705DF99F1E2500DE00181221 /* attendanceViewModel.swift */; };
		705DF9A21E2500FC00181221 /* attendanceProtocols.swift in Sources */ = {isa = PBXBuildFile; fileRef = 705DF9A11E2500FC00181221 /* attendanceProtocols.swift */; };
		706E52141DF7C20C00D57EED /* attendanceView.swift in Sources */ = {isa = PBXBuildFile; fileRef = 706E52131DF7C20C00D57EED /* attendanceView.swift */; };
		706E52161DF7C25600D57EED /* personalView.swift in Sources */ = {isa = PBXBuildFile; fileRef = 706E52151DF7C25600D57EED /* personalView.swift */; };
		706E52181DF7C29E00D57EED /* engineerInfoView.swift in Sources */ = {isa = PBXBuildFile; fileRef = 706E52171DF7C29E00D57EED /* engineerInfoView.swift */; };
		706E521A1DF7C2BF00D57EED /* HRDataView.swift in Sources */ = {isa = PBXBuildFile; fileRef = 706E52191DF7C2BF00D57EED /* HRDataView.swift */; };
		706E521C1DF7C32700D57EED /* bankView.swift in Sources */ = {isa = PBXBuildFile; fileRef = 706E521B1DF7C32700D57EED /* bankView.swift */; };
		706E521E1DF7C33B00D57EED /* trackingView.swift in Sources */ = {isa = PBXBuildFile; fileRef = 706E521D1DF7C33B00D57EED /* trackingView.swift */; };
		7078996D1E3891D400C3AABC /* utility.swift in Sources */ = {isa = PBXBuildFile; fileRef = 7078996C1E3891D400C3AABC /* utility.swift */; };
		707A24A31E1CBC7E0081FCD6 /* profileDataViewModel.swift in Sources */ = {isa = PBXBuildFile; fileRef = 707A24A21E1CBC7E0081FCD6 /* profileDataViewModel.swift */; };
		707A24A51E1CBC940081FCD6 /* profileDataController.swift in Sources */ = {isa = PBXBuildFile; fileRef = 707A24A41E1CBC940081FCD6 /* profileDataController.swift */; };
		707A24A71E1CBCAD0081FCD6 /* profileDataServices.swift in Sources */ = {isa = PBXBuildFile; fileRef = 707A24A61E1CBCAD0081FCD6 /* profileDataServices.swift */; };
		707A24AC1E1CBD2C0081FCD6 /* profileDataModel.swift in Sources */ = {isa = PBXBuildFile; fileRef = 707A24AB1E1CBD2C0081FCD6 /* profileDataModel.swift */; };
		707A24AE1E1CC3150081FCD6 /* profileProtocols.swift in Sources */ = {isa = PBXBuildFile; fileRef = 707A24AD1E1CC3150081FCD6 /* profileProtocols.swift */; };
		70847D4A1DF6CBD50073C0F9 /* AppDelegate.swift in Sources */ = {isa = PBXBuildFile; fileRef = 70847D491DF6CBD50073C0F9 /* AppDelegate.swift */; };
		70847D4C1DF6CBD50073C0F9 /* ViewController.swift in Sources */ = {isa = PBXBuildFile; fileRef = 70847D4B1DF6CBD50073C0F9 /* ViewController.swift */; };
		70847D521DF6CBD50073C0F9 /* Fundo.xcdatamodeld in Sources */ = {isa = PBXBuildFile; fileRef = 70847D501DF6CBD50073C0F9 /* Fundo.xcdatamodeld */; };
		70847D541DF6CBD50073C0F9 /* Assets.xcassets in Resources */ = {isa = PBXBuildFile; fileRef = 70847D531DF6CBD50073C0F9 /* Assets.xcassets */; };
		70847D571DF6CBD60073C0F9 /* LaunchScreen.storyboard in Resources */ = {isa = PBXBuildFile; fileRef = 70847D551DF6CBD60073C0F9 /* LaunchScreen.storyboard */; };
		70847D621DF6CBD60073C0F9 /* FundoTests.swift in Sources */ = {isa = PBXBuildFile; fileRef = 70847D611DF6CBD60073C0F9 /* FundoTests.swift */; };
		70847D6D1DF6CBD60073C0F9 /* FundoUITests.swift in Sources */ = {isa = PBXBuildFile; fileRef = 70847D6C1DF6CBD60073C0F9 /* FundoUITests.swift */; };
		7085135B1E28880C0057B8F0 /* attendancePopUpModel.swift in Sources */ = {isa = PBXBuildFile; fileRef = 7085135A1E28880C0057B8F0 /* attendancePopUpModel.swift */; };
		70B69F901E1B809F00AF8E84 /* personalDataModel.swift in Sources */ = {isa = PBXBuildFile; fileRef = 70B69F8F1E1B809F00AF8E84 /* personalDataModel.swift */; };
		70B69F921E1B80B300AF8E84 /* personalProtocols.swift in Sources */ = {isa = PBXBuildFile; fileRef = 70B69F911E1B80B300AF8E84 /* personalProtocols.swift */; };
		70B69F941E1B80CD00AF8E84 /* personalDataServices.swift in Sources */ = {isa = PBXBuildFile; fileRef = 70B69F931E1B80CD00AF8E84 /* personalDataServices.swift */; };
		70B69F961E1B80F700AF8E84 /* personalDataController.swift in Sources */ = {isa = PBXBuildFile; fileRef = 70B69F951E1B80F700AF8E84 /* personalDataController.swift */; };
		70B69F981E1B810E00AF8E84 /* personalViewModel.swift in Sources */ = {isa = PBXBuildFile; fileRef = 70B69F971E1B810E00AF8E84 /* personalViewModel.swift */; };
		70BBF3DF1E37953B00138D9A /* Property List.plist in Resources */ = {isa = PBXBuildFile; fileRef = 70BBF3DE1E37953B00138D9A /* Property List.plist */; };
		70D5B25B1E07C800006CA48D /* profileView.swift in Sources */ = {isa = PBXBuildFile; fileRef = 70D5B25A1E07C800006CA48D /* profileView.swift */; };
		70E85D631E1D11430041B148 /* bankProtocal.swift in Sources */ = {isa = PBXBuildFile; fileRef = 70E85D621E1D11430041B148 /* bankProtocal.swift */; };
		70E85D651E1D11590041B148 /* bankDataModel.swift in Sources */ = {isa = PBXBuildFile; fileRef = 70E85D641E1D11590041B148 /* bankDataModel.swift */; };
		70E85D671E1D116D0041B148 /* bankDataServices.swift in Sources */ = {isa = PBXBuildFile; fileRef = 70E85D661E1D116D0041B148 /* bankDataServices.swift */; };
		70E85D691E1D117E0041B148 /* bankDataController.swift in Sources */ = {isa = PBXBuildFile; fileRef = 70E85D681E1D117E0041B148 /* bankDataController.swift */; };
		70E85D6B1E1D118E0041B148 /* bankViewModel.swift in Sources */ = {isa = PBXBuildFile; fileRef = 70E85D6A1E1D118E0041B148 /* bankViewModel.swift */; };
		70E85D6D1E1D1BE90041B148 /* trackingProtocol.swift in Sources */ = {isa = PBXBuildFile; fileRef = 70E85D6C1E1D1BE90041B148 /* trackingProtocol.swift */; };
		70E85D6F1E1D1BFE0041B148 /* trackingDataModel.swift in Sources */ = {isa = PBXBuildFile; fileRef = 70E85D6E1E1D1BFE0041B148 /* trackingDataModel.swift */; };
		70E85D711E1D1C110041B148 /* trackindgServices.swift in Sources */ = {isa = PBXBuildFile; fileRef = 70E85D701E1D1C110041B148 /* trackindgServices.swift */; };
		70E85D731E1D1C210041B148 /* trackingController.swift in Sources */ = {isa = PBXBuildFile; fileRef = 70E85D721E1D1C210041B148 /* trackingController.swift */; };
		70E85D771E1D1C8A0041B148 /* trackingDataViewModel.swift in Sources */ = {isa = PBXBuildFile; fileRef = 70E85D761E1D1C8A0041B148 /* trackingDataViewModel.swift */; };
		70E85D791E1D2F680041B148 /* enggInfoViewModel.swift in Sources */ = {isa = PBXBuildFile; fileRef = 70E85D781E1D2F680041B148 /* enggInfoViewModel.swift */; };
		70E85D7B1E1D2FAA0041B148 /* enggInfoController.swift in Sources */ = {isa = PBXBuildFile; fileRef = 70E85D7A1E1D2FAA0041B148 /* enggInfoController.swift */; };
		70E85D7D1E1D2FBA0041B148 /* enggInfoServices.swift in Sources */ = {isa = PBXBuildFile; fileRef = 70E85D7C1E1D2FBA0041B148 /* enggInfoServices.swift */; };
		70E85D7F1E1D2FCE0041B148 /* enggInfoModel.swift in Sources */ = {isa = PBXBuildFile; fileRef = 70E85D7E1E1D2FCE0041B148 /* enggInfoModel.swift */; };
		70E85D811E1D2FE10041B148 /* enggInfoProtocal.swift in Sources */ = {isa = PBXBuildFile; fileRef = 70E85D801E1D2FE10041B148 /* enggInfoProtocal.swift */; };
		70FCC67D1E2600DF00E65985 /* attendanceModel.swift in Sources */ = {isa = PBXBuildFile; fileRef = 70FCC67C1E2600DF00E65985 /* attendanceModel.swift */; };
		87B1094ED12E224F32AD4BEB /* Pods_FundoUITests.framework in Frameworks */ = {isa = PBXBuildFile; fileRef = 3CF2EF1E5655983CF499144C /* Pods_FundoUITests.framework */; };
		A7A7952C8C49F38D59CA9565 /* Pods_FundoTests.framework in Frameworks */ = {isa = PBXBuildFile; fileRef = A28B310B8B7C05CAA0819453 /* Pods_FundoTests.framework */; };
		E680EB9C74F49F2DBC9C13CE /* Pods_Fundo.framework in Frameworks */ = {isa = PBXBuildFile; fileRef = 1CE6784EA0214B1E2BC4B4DC /* Pods_Fundo.framework */; };
/* End PBXBuildFile section */

/* Begin PBXContainerItemProxy section */
		70847D5E1DF6CBD60073C0F9 /* PBXContainerItemProxy */ = {
			isa = PBXContainerItemProxy;
			containerPortal = 70847D3E1DF6CBD50073C0F9 /* Project object */;
			proxyType = 1;
			remoteGlobalIDString = 70847D451DF6CBD50073C0F9;
			remoteInfo = Fundo;
		};
		70847D691DF6CBD60073C0F9 /* PBXContainerItemProxy */ = {
			isa = PBXContainerItemProxy;
			containerPortal = 70847D3E1DF6CBD50073C0F9 /* Project object */;
			proxyType = 1;
			remoteGlobalIDString = 70847D451DF6CBD50073C0F9;
			remoteInfo = Fundo;
		};
/* End PBXContainerItemProxy section */

/* Begin PBXFileReference section */
		02E37E9434A15C89D24A761E /* Pods-FundoUITests.release.xcconfig */ = {isa = PBXFileReference; includeInIndex = 1; lastKnownFileType = text.xcconfig; name = "Pods-FundoUITests.release.xcconfig"; path = "Pods/Target Support Files/Pods-FundoUITests/Pods-FundoUITests.release.xcconfig"; sourceTree = "<group>"; };
		0A1675C51E128FFD001EB6C6 /* attendanceCollectionViewCell.swift */ = {isa = PBXFileReference; fileEncoding = 4; lastKnownFileType = sourcecode.swift; path = attendanceCollectionViewCell.swift; sourceTree = "<group>"; };
		0A6D6F8A1E12556B00A327C4 /* AttendancePopUp.swift */ = {isa = PBXFileReference; fileEncoding = 4; lastKnownFileType = sourcecode.swift; path = AttendancePopUp.swift; sourceTree = "<group>"; };
		0A6E60951E0BB1DA00B06565 /* CellView.swift */ = {isa = PBXFileReference; fileEncoding = 4; lastKnownFileType = sourcecode.swift; path = CellView.swift; sourceTree = "<group>"; };
		0A6E60961E0BB1DA00B06565 /* CellView.xib */ = {isa = PBXFileReference; fileEncoding = 4; lastKnownFileType = file.xib; name = CellView.xib; path = ../CellView.xib; sourceTree = "<group>"; };
		1CE6784EA0214B1E2BC4B4DC /* Pods_Fundo.framework */ = {isa = PBXFileReference; explicitFileType = wrapper.framework; includeInIndex = 0; path = Pods_Fundo.framework; sourceTree = BUILT_PRODUCTS_DIR; };
		1D1955E8300A102B0A89674F /* Pods-FundoUITests.debug.xcconfig */ = {isa = PBXFileReference; includeInIndex = 1; lastKnownFileType = text.xcconfig; name = "Pods-FundoUITests.debug.xcconfig"; path = "Pods/Target Support Files/Pods-FundoUITests/Pods-FundoUITests.debug.xcconfig"; sourceTree = "<group>"; };
		20568F65172532D144FE9BB2 /* Pods-Fundo.debug.xcconfig */ = {isa = PBXFileReference; includeInIndex = 1; lastKnownFileType = text.xcconfig; name = "Pods-Fundo.debug.xcconfig"; path = "Pods/Target Support Files/Pods-Fundo/Pods-Fundo.debug.xcconfig"; sourceTree = "<group>"; };
		3CF2EF1E5655983CF499144C /* Pods_FundoUITests.framework */ = {isa = PBXFileReference; explicitFileType = wrapper.framework; includeInIndex = 0; path = Pods_FundoUITests.framework; sourceTree = BUILT_PRODUCTS_DIR; };
		701073EB1E1E2D150003D522 /* SWRevealViewController.h */ = {isa = PBXFileReference; fileEncoding = 4; lastKnownFileType = sourcecode.c.h; path = SWRevealViewController.h; sourceTree = "<group>"; };
		701073EC1E1E2D150003D522 /* SWRevealViewController.m */ = {isa = PBXFileReference; fileEncoding = 4; lastKnownFileType = sourcecode.c.objc; path = SWRevealViewController.m; sourceTree = "<group>"; };
		701073EE1E1E327B0003D522 /* loginViewController.swift */ = {isa = PBXFileReference; fileEncoding = 4; lastKnownFileType = sourcecode.swift; path = loginViewController.swift; sourceTree = "<group>"; };
		701073F01E1E59110003D522 /* sideMenu.swift */ = {isa = PBXFileReference; fileEncoding = 4; lastKnownFileType = sourcecode.swift; path = sideMenu.swift; sourceTree = "<group>"; };
		701073F21E1E59380003D522 /* sideMenuTableViewCell.swift */ = {isa = PBXFileReference; fileEncoding = 4; lastKnownFileType = sourcecode.swift; path = sideMenuTableViewCell.swift; sourceTree = "<group>"; };
		701073F41E1E5CF40003D522 /* dashBoardViewController.swift */ = {isa = PBXFileReference; fileEncoding = 4; lastKnownFileType = sourcecode.swift; path = dashBoardViewController.swift; sourceTree = "<group>"; };
		701073F81E1E5DFD0003D522 /* dashboardCollectionViewCell.swift */ = {isa = PBXFileReference; fileEncoding = 4; lastKnownFileType = sourcecode.swift; path = dashboardCollectionViewCell.swift; sourceTree = "<group>"; };
		701073FB1E1E67B40003D522 /* Base */ = {isa = PBXFileReference; lastKnownFileType = file.storyboard; name = Base; path = Base.lproj/Main.storyboard; sourceTree = "<group>"; };
		702F16421E1A5DA100CD268D /* hrDataModel.swift */ = {isa = PBXFileReference; fileEncoding = 4; lastKnownFileType = sourcecode.swift; path = hrDataModel.swift; sourceTree = "<group>"; };
		702F16441E1A664000CD268D /* hrDataServices.swift */ = {isa = PBXFileReference; fileEncoding = 4; lastKnownFileType = sourcecode.swift; path = hrDataServices.swift; sourceTree = "<group>"; };
		702F16461E1A786300CD268D /* hrDataController.swift */ = {isa = PBXFileReference; fileEncoding = 4; lastKnownFileType = sourcecode.swift; path = hrDataController.swift; sourceTree = "<group>"; };
		702F16481E1A787D00CD268D /* hrDataViewModel.swift */ = {isa = PBXFileReference; fileEncoding = 4; lastKnownFileType = sourcecode.swift; path = hrDataViewModel.swift; sourceTree = "<group>"; };
		702F164A1E1A78B600CD268D /* hrDataProtocols.swift */ = {isa = PBXFileReference; fileEncoding = 4; lastKnownFileType = sourcecode.swift; path = hrDataProtocols.swift; sourceTree = "<group>"; };
		70575C031E0B9403009BEF7F /* Fundo-Bridging-Header.h */ = {isa = PBXFileReference; lastKnownFileType = sourcecode.c.h; path = "Fundo-Bridging-Header.h"; sourceTree = "<group>"; };
		70575C041E0B9403009BEF7F /* MGCollapsingHeaderView.h */ = {isa = PBXFileReference; fileEncoding = 4; lastKnownFileType = sourcecode.c.h; path = MGCollapsingHeaderView.h; sourceTree = "<group>"; };
		70575C051E0B9403009BEF7F /* MGCollapsingHeaderView.m */ = {isa = PBXFileReference; fileEncoding = 4; lastKnownFileType = sourcecode.c.objc; path = MGCollapsingHeaderView.m; sourceTree = "<group>"; };
		705A5ECB1E39C1D50011C529 /* loginViewModel.swift */ = {isa = PBXFileReference; fileEncoding = 4; lastKnownFileType = sourcecode.swift; path = loginViewModel.swift; sourceTree = "<group>"; };
		705A5ECD1E39C1E70011C529 /* loginController.swift */ = {isa = PBXFileReference; fileEncoding = 4; lastKnownFileType = sourcecode.swift; path = loginController.swift; sourceTree = "<group>"; };
		705A5ECF1E39C1FD0011C529 /* loginServices.swift */ = {isa = PBXFileReference; fileEncoding = 4; lastKnownFileType = sourcecode.swift; path = loginServices.swift; sourceTree = "<group>"; };
		705A5ED11E39C7840011C529 /* loginProtocols.swift */ = {isa = PBXFileReference; fileEncoding = 4; lastKnownFileType = sourcecode.swift; path = loginProtocols.swift; sourceTree = "<group>"; };
		705DF99B1E24F9E200181221 /* attendanceServices.swift */ = {isa = PBXFileReference; fileEncoding = 4; lastKnownFileType = sourcecode.swift; path = attendanceServices.swift; sourceTree = "<group>"; };
		705DF99D1E2500C000181221 /* attendanceController.swift */ = {isa = PBXFileReference; fileEncoding = 4; lastKnownFileType = sourcecode.swift; path = attendanceController.swift; sourceTree = "<group>"; };
		705DF99F1E2500DE00181221 /* attendanceViewModel.swift */ = {isa = PBXFileReference; fileEncoding = 4; lastKnownFileType = sourcecode.swift; path = attendanceViewModel.swift; sourceTree = "<group>"; };
		705DF9A11E2500FC00181221 /* attendanceProtocols.swift */ = {isa = PBXFileReference; fileEncoding = 4; lastKnownFileType = sourcecode.swift; path = attendanceProtocols.swift; sourceTree = "<group>"; };
		706E52131DF7C20C00D57EED /* attendanceView.swift */ = {isa = PBXFileReference; fileEncoding = 4; lastKnownFileType = sourcecode.swift; path = attendanceView.swift; sourceTree = "<group>"; };
		706E52151DF7C25600D57EED /* personalView.swift */ = {isa = PBXFileReference; fileEncoding = 4; lastKnownFileType = sourcecode.swift; path = personalView.swift; sourceTree = "<group>"; };
		706E52171DF7C29E00D57EED /* engineerInfoView.swift */ = {isa = PBXFileReference; fileEncoding = 4; lastKnownFileType = sourcecode.swift; path = engineerInfoView.swift; sourceTree = "<group>"; };
		706E52191DF7C2BF00D57EED /* HRDataView.swift */ = {isa = PBXFileReference; fileEncoding = 4; lastKnownFileType = sourcecode.swift; path = HRDataView.swift; sourceTree = "<group>"; };
		706E521B1DF7C32700D57EED /* bankView.swift */ = {isa = PBXFileReference; fileEncoding = 4; lastKnownFileType = sourcecode.swift; path = bankView.swift; sourceTree = "<group>"; };
		706E521D1DF7C33B00D57EED /* trackingView.swift */ = {isa = PBXFileReference; fileEncoding = 4; lastKnownFileType = sourcecode.swift; path = trackingView.swift; sourceTree = "<group>"; };
		7078996C1E3891D400C3AABC /* utility.swift */ = {isa = PBXFileReference; fileEncoding = 4; lastKnownFileType = sourcecode.swift; path = utility.swift; sourceTree = "<group>"; };
		707A24A21E1CBC7E0081FCD6 /* profileDataViewModel.swift */ = {isa = PBXFileReference; fileEncoding = 4; lastKnownFileType = sourcecode.swift; path = profileDataViewModel.swift; sourceTree = "<group>"; };
		707A24A41E1CBC940081FCD6 /* profileDataController.swift */ = {isa = PBXFileReference; fileEncoding = 4; lastKnownFileType = sourcecode.swift; path = profileDataController.swift; sourceTree = "<group>"; };
		707A24A61E1CBCAD0081FCD6 /* profileDataServices.swift */ = {isa = PBXFileReference; fileEncoding = 4; lastKnownFileType = sourcecode.swift; path = profileDataServices.swift; sourceTree = "<group>"; };
		707A24AB1E1CBD2C0081FCD6 /* profileDataModel.swift */ = {isa = PBXFileReference; fileEncoding = 4; lastKnownFileType = sourcecode.swift; path = profileDataModel.swift; sourceTree = "<group>"; };
		707A24AD1E1CC3150081FCD6 /* profileProtocols.swift */ = {isa = PBXFileReference; fileEncoding = 4; lastKnownFileType = sourcecode.swift; path = profileProtocols.swift; sourceTree = "<group>"; };
		70847D461DF6CBD50073C0F9 /* Fundo.app */ = {isa = PBXFileReference; explicitFileType = wrapper.application; includeInIndex = 0; path = Fundo.app; sourceTree = BUILT_PRODUCTS_DIR; };
		70847D491DF6CBD50073C0F9 /* AppDelegate.swift */ = {isa = PBXFileReference; lastKnownFileType = sourcecode.swift; path = AppDelegate.swift; sourceTree = "<group>"; };
		70847D4B1DF6CBD50073C0F9 /* ViewController.swift */ = {isa = PBXFileReference; lastKnownFileType = sourcecode.swift; name = ViewController.swift; path = Fundo/ViewController.swift; sourceTree = "<group>"; };
		70847D511DF6CBD50073C0F9 /* Fundo.xcdatamodel */ = {isa = PBXFileReference; lastKnownFileType = wrapper.xcdatamodel; path = Fundo.xcdatamodel; sourceTree = "<group>"; };
		70847D531DF6CBD50073C0F9 /* Assets.xcassets */ = {isa = PBXFileReference; lastKnownFileType = folder.assetcatalog; path = Assets.xcassets; sourceTree = "<group>"; };
		70847D561DF6CBD60073C0F9 /* Base */ = {isa = PBXFileReference; lastKnownFileType = file.storyboard; name = Base; path = Base.lproj/LaunchScreen.storyboard; sourceTree = "<group>"; };
		70847D581DF6CBD60073C0F9 /* Info.plist */ = {isa = PBXFileReference; lastKnownFileType = text.plist.xml; path = Info.plist; sourceTree = "<group>"; };
		70847D5D1DF6CBD60073C0F9 /* FundoTests.xctest */ = {isa = PBXFileReference; explicitFileType = wrapper.cfbundle; includeInIndex = 0; path = FundoTests.xctest; sourceTree = BUILT_PRODUCTS_DIR; };
		70847D611DF6CBD60073C0F9 /* FundoTests.swift */ = {isa = PBXFileReference; lastKnownFileType = sourcecode.swift; path = FundoTests.swift; sourceTree = "<group>"; };
		70847D631DF6CBD60073C0F9 /* Info.plist */ = {isa = PBXFileReference; lastKnownFileType = text.plist.xml; path = Info.plist; sourceTree = "<group>"; };
		70847D681DF6CBD60073C0F9 /* FundoUITests.xctest */ = {isa = PBXFileReference; explicitFileType = wrapper.cfbundle; includeInIndex = 0; path = FundoUITests.xctest; sourceTree = BUILT_PRODUCTS_DIR; };
		70847D6C1DF6CBD60073C0F9 /* FundoUITests.swift */ = {isa = PBXFileReference; lastKnownFileType = sourcecode.swift; path = FundoUITests.swift; sourceTree = "<group>"; };
		70847D6E1DF6CBD60073C0F9 /* Info.plist */ = {isa = PBXFileReference; lastKnownFileType = text.plist.xml; path = Info.plist; sourceTree = "<group>"; };
		7085135A1E28880C0057B8F0 /* attendancePopUpModel.swift */ = {isa = PBXFileReference; fileEncoding = 4; lastKnownFileType = sourcecode.swift; path = attendancePopUpModel.swift; sourceTree = "<group>"; };
		70B69F8F1E1B809F00AF8E84 /* personalDataModel.swift */ = {isa = PBXFileReference; fileEncoding = 4; lastKnownFileType = sourcecode.swift; path = personalDataModel.swift; sourceTree = "<group>"; };
		70B69F911E1B80B300AF8E84 /* personalProtocols.swift */ = {isa = PBXFileReference; fileEncoding = 4; lastKnownFileType = sourcecode.swift; path = personalProtocols.swift; sourceTree = "<group>"; };
		70B69F931E1B80CD00AF8E84 /* personalDataServices.swift */ = {isa = PBXFileReference; fileEncoding = 4; lastKnownFileType = sourcecode.swift; path = personalDataServices.swift; sourceTree = "<group>"; };
		70B69F951E1B80F700AF8E84 /* personalDataController.swift */ = {isa = PBXFileReference; fileEncoding = 4; lastKnownFileType = sourcecode.swift; path = personalDataController.swift; sourceTree = "<group>"; };
		70B69F971E1B810E00AF8E84 /* personalViewModel.swift */ = {isa = PBXFileReference; fileEncoding = 4; lastKnownFileType = sourcecode.swift; path = personalViewModel.swift; sourceTree = "<group>"; };
		70BBF3DE1E37953B00138D9A /* Property List.plist */ = {isa = PBXFileReference; fileEncoding = 4; lastKnownFileType = text.plist.xml; name = "Property List.plist"; path = "../Property List.plist"; sourceTree = "<group>"; };
		70D5B25A1E07C800006CA48D /* profileView.swift */ = {isa = PBXFileReference; fileEncoding = 4; lastKnownFileType = sourcecode.swift; name = profileView.swift; path = Fundo/profileView.swift; sourceTree = "<group>"; };
		70E85D621E1D11430041B148 /* bankProtocal.swift */ = {isa = PBXFileReference; fileEncoding = 4; lastKnownFileType = sourcecode.swift; path = bankProtocal.swift; sourceTree = "<group>"; };
		70E85D641E1D11590041B148 /* bankDataModel.swift */ = {isa = PBXFileReference; fileEncoding = 4; lastKnownFileType = sourcecode.swift; path = bankDataModel.swift; sourceTree = "<group>"; };
		70E85D661E1D116D0041B148 /* bankDataServices.swift */ = {isa = PBXFileReference; fileEncoding = 4; lastKnownFileType = sourcecode.swift; path = bankDataServices.swift; sourceTree = "<group>"; };
		70E85D681E1D117E0041B148 /* bankDataController.swift */ = {isa = PBXFileReference; fileEncoding = 4; lastKnownFileType = sourcecode.swift; path = bankDataController.swift; sourceTree = "<group>"; };
		70E85D6A1E1D118E0041B148 /* bankViewModel.swift */ = {isa = PBXFileReference; fileEncoding = 4; lastKnownFileType = sourcecode.swift; path = bankViewModel.swift; sourceTree = "<group>"; };
		70E85D6C1E1D1BE90041B148 /* trackingProtocol.swift */ = {isa = PBXFileReference; fileEncoding = 4; lastKnownFileType = sourcecode.swift; path = trackingProtocol.swift; sourceTree = "<group>"; };
		70E85D6E1E1D1BFE0041B148 /* trackingDataModel.swift */ = {isa = PBXFileReference; fileEncoding = 4; lastKnownFileType = sourcecode.swift; path = trackingDataModel.swift; sourceTree = "<group>"; };
		70E85D701E1D1C110041B148 /* trackindgServices.swift */ = {isa = PBXFileReference; fileEncoding = 4; lastKnownFileType = sourcecode.swift; path = trackindgServices.swift; sourceTree = "<group>"; };
		70E85D721E1D1C210041B148 /* trackingController.swift */ = {isa = PBXFileReference; fileEncoding = 4; lastKnownFileType = sourcecode.swift; path = trackingController.swift; sourceTree = "<group>"; };
		70E85D761E1D1C8A0041B148 /* trackingDataViewModel.swift */ = {isa = PBXFileReference; fileEncoding = 4; lastKnownFileType = sourcecode.swift; path = trackingDataViewModel.swift; sourceTree = "<group>"; };
		70E85D781E1D2F680041B148 /* enggInfoViewModel.swift */ = {isa = PBXFileReference; fileEncoding = 4; lastKnownFileType = sourcecode.swift; path = enggInfoViewModel.swift; sourceTree = "<group>"; };
		70E85D7A1E1D2FAA0041B148 /* enggInfoController.swift */ = {isa = PBXFileReference; fileEncoding = 4; lastKnownFileType = sourcecode.swift; path = enggInfoController.swift; sourceTree = "<group>"; };
		70E85D7C1E1D2FBA0041B148 /* enggInfoServices.swift */ = {isa = PBXFileReference; fileEncoding = 4; lastKnownFileType = sourcecode.swift; path = enggInfoServices.swift; sourceTree = "<group>"; };
		70E85D7E1E1D2FCE0041B148 /* enggInfoModel.swift */ = {isa = PBXFileReference; fileEncoding = 4; lastKnownFileType = sourcecode.swift; path = enggInfoModel.swift; sourceTree = "<group>"; };
		70E85D801E1D2FE10041B148 /* enggInfoProtocal.swift */ = {isa = PBXFileReference; fileEncoding = 4; lastKnownFileType = sourcecode.swift; path = enggInfoProtocal.swift; sourceTree = "<group>"; };
		70FCC67C1E2600DF00E65985 /* attendanceModel.swift */ = {isa = PBXFileReference; fileEncoding = 4; lastKnownFileType = sourcecode.swift; path = attendanceModel.swift; sourceTree = "<group>"; };
		A28B310B8B7C05CAA0819453 /* Pods_FundoTests.framework */ = {isa = PBXFileReference; explicitFileType = wrapper.framework; includeInIndex = 0; path = Pods_FundoTests.framework; sourceTree = BUILT_PRODUCTS_DIR; };
		A6DA39719AB11A2D3D56EB99 /* Pods-FundoTests.release.xcconfig */ = {isa = PBXFileReference; includeInIndex = 1; lastKnownFileType = text.xcconfig; name = "Pods-FundoTests.release.xcconfig"; path = "Pods/Target Support Files/Pods-FundoTests/Pods-FundoTests.release.xcconfig"; sourceTree = "<group>"; };
		AE52790130F60AD297F8927A /* Pods-Fundo.release.xcconfig */ = {isa = PBXFileReference; includeInIndex = 1; lastKnownFileType = text.xcconfig; name = "Pods-Fundo.release.xcconfig"; path = "Pods/Target Support Files/Pods-Fundo/Pods-Fundo.release.xcconfig"; sourceTree = "<group>"; };
		DC6FEEDCE310FFA01B87F9EF /* Pods-FundoTests.debug.xcconfig */ = {isa = PBXFileReference; includeInIndex = 1; lastKnownFileType = text.xcconfig; name = "Pods-FundoTests.debug.xcconfig"; path = "Pods/Target Support Files/Pods-FundoTests/Pods-FundoTests.debug.xcconfig"; sourceTree = "<group>"; };
/* End PBXFileReference section */

/* Begin PBXFrameworksBuildPhase section */
		70847D431DF6CBD50073C0F9 /* Frameworks */ = {
			isa = PBXFrameworksBuildPhase;
			buildActionMask = 2147483647;
			files = (
				E680EB9C74F49F2DBC9C13CE /* Pods_Fundo.framework in Frameworks */,
			);
			runOnlyForDeploymentPostprocessing = 0;
		};
		70847D5A1DF6CBD60073C0F9 /* Frameworks */ = {
			isa = PBXFrameworksBuildPhase;
			buildActionMask = 2147483647;
			files = (
				A7A7952C8C49F38D59CA9565 /* Pods_FundoTests.framework in Frameworks */,
			);
			runOnlyForDeploymentPostprocessing = 0;
		};
		70847D651DF6CBD60073C0F9 /* Frameworks */ = {
			isa = PBXFrameworksBuildPhase;
			buildActionMask = 2147483647;
			files = (
				87B1094ED12E224F32AD4BEB /* Pods_FundoUITests.framework in Frameworks */,
			);
			runOnlyForDeploymentPostprocessing = 0;
		};
/* End PBXFrameworksBuildPhase section */

/* Begin PBXGroup section */
		45250897635028FD1758CD9D /* Pods */ = {
			isa = PBXGroup;
			children = (
				20568F65172532D144FE9BB2 /* Pods-Fundo.debug.xcconfig */,
				AE52790130F60AD297F8927A /* Pods-Fundo.release.xcconfig */,
				DC6FEEDCE310FFA01B87F9EF /* Pods-FundoTests.debug.xcconfig */,
				A6DA39719AB11A2D3D56EB99 /* Pods-FundoTests.release.xcconfig */,
				1D1955E8300A102B0A89674F /* Pods-FundoUITests.debug.xcconfig */,
				02E37E9434A15C89D24A761E /* Pods-FundoUITests.release.xcconfig */,
			);
			name = Pods;
			sourceTree = "<group>";
		};
		706E520D1DF7BAF400D57EED /* view */ = {
			isa = PBXGroup;
			children = (
				0A6E60951E0BB1DA00B06565 /* CellView.swift */,
				70847D4B1DF6CBD50073C0F9 /* ViewController.swift */,
				706E52131DF7C20C00D57EED /* attendanceView.swift */,
				706E52151DF7C25600D57EED /* personalView.swift */,
				706E52171DF7C29E00D57EED /* engineerInfoView.swift */,
				706E52191DF7C2BF00D57EED /* HRDataView.swift */,
				706E521B1DF7C32700D57EED /* bankView.swift */,
				706E521D1DF7C33B00D57EED /* trackingView.swift */,
				70D5B25A1E07C800006CA48D /* profileView.swift */,
				0A6D6F8A1E12556B00A327C4 /* AttendancePopUp.swift */,
				0A1675C51E128FFD001EB6C6 /* attendanceCollectionViewCell.swift */,
				701073EE1E1E327B0003D522 /* loginViewController.swift */,
				701073F01E1E59110003D522 /* sideMenu.swift */,
				701073F21E1E59380003D522 /* sideMenuTableViewCell.swift */,
				701073F81E1E5DFD0003D522 /* dashboardCollectionViewCell.swift */,
				701073F41E1E5CF40003D522 /* dashBoardViewController.swift */,
				70575C031E0B9403009BEF7F /* Fundo-Bridging-Header.h */,
				70575C041E0B9403009BEF7F /* MGCollapsingHeaderView.h */,
				70575C051E0B9403009BEF7F /* MGCollapsingHeaderView.m */,
				701073EC1E1E2D150003D522 /* SWRevealViewController.m */,
				701073EB1E1E2D150003D522 /* SWRevealViewController.h */,
			);
			name = view;
			sourceTree = "<group>";
		};
		706E520F1DF7BB0900D57EED /* controller */ = {
			isa = PBXGroup;
			children = (
				702F16461E1A786300CD268D /* hrDataController.swift */,
				70B69F951E1B80F700AF8E84 /* personalDataController.swift */,
				707A24A41E1CBC940081FCD6 /* profileDataController.swift */,
				70E85D681E1D117E0041B148 /* bankDataController.swift */,
				70E85D721E1D1C210041B148 /* trackingController.swift */,
				70E85D7A1E1D2FAA0041B148 /* enggInfoController.swift */,
				705DF99D1E2500C000181221 /* attendanceController.swift */,
				705A5ECD1E39C1E70011C529 /* loginController.swift */,
			);
			name = controller;
			sourceTree = "<group>";
		};
		706E52101DF7BB5100D57EED /* services */ = {
			isa = PBXGroup;
			children = (
				702F16441E1A664000CD268D /* hrDataServices.swift */,
				70B69F931E1B80CD00AF8E84 /* personalDataServices.swift */,
				707A24A61E1CBCAD0081FCD6 /* profileDataServices.swift */,
				70E85D661E1D116D0041B148 /* bankDataServices.swift */,
				70E85D701E1D1C110041B148 /* trackindgServices.swift */,
				70E85D7C1E1D2FBA0041B148 /* enggInfoServices.swift */,
				705DF99B1E24F9E200181221 /* attendanceServices.swift */,
				705A5ECF1E39C1FD0011C529 /* loginServices.swift */,
			);
			name = services;
			sourceTree = "<group>";
		};
		706E52111DF7BB6C00D57EED /* model */ = {
			isa = PBXGroup;
			children = (
				702F16421E1A5DA100CD268D /* hrDataModel.swift */,
				70B69F8F1E1B809F00AF8E84 /* personalDataModel.swift */,
				707A24AB1E1CBD2C0081FCD6 /* profileDataModel.swift */,
				70E85D641E1D11590041B148 /* bankDataModel.swift */,
				70E85D6E1E1D1BFE0041B148 /* trackingDataModel.swift */,
				70E85D7E1E1D2FCE0041B148 /* enggInfoModel.swift */,
				70FCC67C1E2600DF00E65985 /* attendanceModel.swift */,
				7085135A1E28880C0057B8F0 /* attendancePopUpModel.swift */,
			);
			name = model;
			sourceTree = "<group>";
		};
		706E52121DF7BC0F00D57EED /* viewModel */ = {
			isa = PBXGroup;
			children = (
				702F16481E1A787D00CD268D /* hrDataViewModel.swift */,
				70B69F971E1B810E00AF8E84 /* personalViewModel.swift */,
				707A24A21E1CBC7E0081FCD6 /* profileDataViewModel.swift */,
				70E85D6A1E1D118E0041B148 /* bankViewModel.swift */,
				70E85D761E1D1C8A0041B148 /* trackingDataViewModel.swift */,
				70E85D781E1D2F680041B148 /* enggInfoViewModel.swift */,
				705DF99F1E2500DE00181221 /* attendanceViewModel.swift */,
				705A5ECB1E39C1D50011C529 /* loginViewModel.swift */,
			);
			name = viewModel;
			sourceTree = "<group>";
		};
		707A24A81E1CBCBB0081FCD6 /* protocols */ = {
			isa = PBXGroup;
			children = (
				70B69F911E1B80B300AF8E84 /* personalProtocols.swift */,
				702F164A1E1A78B600CD268D /* hrDataProtocols.swift */,
				707A24AD1E1CC3150081FCD6 /* profileProtocols.swift */,
				70E85D621E1D11430041B148 /* bankProtocal.swift */,
				70E85D6C1E1D1BE90041B148 /* trackingProtocol.swift */,
				70E85D801E1D2FE10041B148 /* enggInfoProtocal.swift */,
				705DF9A11E2500FC00181221 /* attendanceProtocols.swift */,
				705A5ED11E39C7840011C529 /* loginProtocols.swift */,
			);
			name = protocols;
			sourceTree = "<group>";
		};
		70847D3D1DF6CBD50073C0F9 = {
			isa = PBXGroup;
			children = (
				70FFDEBF1E347A9E00F9E6D6 /* Reusable Code */,
				707A24A81E1CBCBB0081FCD6 /* protocols */,
				706E52111DF7BB6C00D57EED /* model */,
				706E52101DF7BB5100D57EED /* services */,
				706E520F1DF7BB0900D57EED /* controller */,
				706E52121DF7BC0F00D57EED /* viewModel */,
				706E520D1DF7BAF400D57EED /* view */,
				70847D481DF6CBD50073C0F9 /* Fundo */,
				70847D601DF6CBD60073C0F9 /* FundoTests */,
				70847D6B1DF6CBD60073C0F9 /* FundoUITests */,
				70847D471DF6CBD50073C0F9 /* Products */,
				45250897635028FD1758CD9D /* Pods */,
				728F9FB214240A104E95304A /* Frameworks */,
			);
			sourceTree = "<group>";
		};
		70847D471DF6CBD50073C0F9 /* Products */ = {
			isa = PBXGroup;
			children = (
				70847D461DF6CBD50073C0F9 /* Fundo.app */,
				70847D5D1DF6CBD60073C0F9 /* FundoTests.xctest */,
				70847D681DF6CBD60073C0F9 /* FundoUITests.xctest */,
			);
			name = Products;
			sourceTree = "<group>";
		};
		70847D481DF6CBD50073C0F9 /* Fundo */ = {
			isa = PBXGroup;
			children = (
				701073FA1E1E67B40003D522 /* Main.storyboard */,
				70BBF3DE1E37953B00138D9A /* Property List.plist */,
				70847D491DF6CBD50073C0F9 /* AppDelegate.swift */,
				0A6E60961E0BB1DA00B06565 /* CellView.xib */,
				70847D531DF6CBD50073C0F9 /* Assets.xcassets */,
				70847D551DF6CBD60073C0F9 /* LaunchScreen.storyboard */,
				70847D581DF6CBD60073C0F9 /* Info.plist */,
				70847D501DF6CBD50073C0F9 /* Fundo.xcdatamodeld */,
			);
			path = Fundo;
			sourceTree = "<group>";
		};
		70847D601DF6CBD60073C0F9 /* FundoTests */ = {
			isa = PBXGroup;
			children = (
				70847D611DF6CBD60073C0F9 /* FundoTests.swift */,
				70847D631DF6CBD60073C0F9 /* Info.plist */,
			);
			path = FundoTests;
			sourceTree = "<group>";
		};
		70847D6B1DF6CBD60073C0F9 /* FundoUITests */ = {
			isa = PBXGroup;
			children = (
				70847D6C1DF6CBD60073C0F9 /* FundoUITests.swift */,
				70847D6E1DF6CBD60073C0F9 /* Info.plist */,
			);
			path = FundoUITests;
			sourceTree = "<group>";
		};
		70FFDEBF1E347A9E00F9E6D6 /* Reusable Code */ = {
			isa = PBXGroup;
			children = (
				7078996C1E3891D400C3AABC /* utility.swift */,
			);
			name = "Reusable Code";
			sourceTree = "<group>";
		};
		728F9FB214240A104E95304A /* Frameworks */ = {
			isa = PBXGroup;
			children = (
				1CE6784EA0214B1E2BC4B4DC /* Pods_Fundo.framework */,
				A28B310B8B7C05CAA0819453 /* Pods_FundoTests.framework */,
				3CF2EF1E5655983CF499144C /* Pods_FundoUITests.framework */,
			);
			name = Frameworks;
			sourceTree = "<group>";
		};
/* End PBXGroup section */

/* Begin PBXNativeTarget section */
		70847D451DF6CBD50073C0F9 /* Fundo */ = {
			isa = PBXNativeTarget;
			buildConfigurationList = 70847D711DF6CBD60073C0F9 /* Build configuration list for PBXNativeTarget "Fundo" */;
			buildPhases = (
				B09B052F56BC521208F30327 /* [CP] Check Pods Manifest.lock */,
				70847D421DF6CBD50073C0F9 /* Sources */,
				70847D431DF6CBD50073C0F9 /* Frameworks */,
				70847D441DF6CBD50073C0F9 /* Resources */,
				1C9252E0F7868DDC151471D0 /* [CP] Embed Pods Frameworks */,
				D0B8E9934302251D07214924 /* [CP] Copy Pods Resources */,
			);
			buildRules = (
			);
			dependencies = (
			);
			name = Fundo;
			productName = Fundo;
			productReference = 70847D461DF6CBD50073C0F9 /* Fundo.app */;
			productType = "com.apple.product-type.application";
		};
		70847D5C1DF6CBD60073C0F9 /* FundoTests */ = {
			isa = PBXNativeTarget;
			buildConfigurationList = 70847D741DF6CBD60073C0F9 /* Build configuration list for PBXNativeTarget "FundoTests" */;
			buildPhases = (
				8FDB8DC011C1A6EC75BD5A5E /* [CP] Check Pods Manifest.lock */,
				70847D591DF6CBD60073C0F9 /* Sources */,
				70847D5A1DF6CBD60073C0F9 /* Frameworks */,
				70847D5B1DF6CBD60073C0F9 /* Resources */,
				086CA949DD806B1244963560 /* [CP] Embed Pods Frameworks */,
				180CA09D73C4DF2FB7C5768D /* [CP] Copy Pods Resources */,
			);
			buildRules = (
			);
			dependencies = (
				70847D5F1DF6CBD60073C0F9 /* PBXTargetDependency */,
			);
			name = FundoTests;
			productName = FundoTests;
			productReference = 70847D5D1DF6CBD60073C0F9 /* FundoTests.xctest */;
			productType = "com.apple.product-type.bundle.unit-test";
		};
		70847D671DF6CBD60073C0F9 /* FundoUITests */ = {
			isa = PBXNativeTarget;
			buildConfigurationList = 70847D771DF6CBD60073C0F9 /* Build configuration list for PBXNativeTarget "FundoUITests" */;
			buildPhases = (
				230FE57B7390681B4872D4AC /* [CP] Check Pods Manifest.lock */,
				70847D641DF6CBD60073C0F9 /* Sources */,
				70847D651DF6CBD60073C0F9 /* Frameworks */,
				70847D661DF6CBD60073C0F9 /* Resources */,
				76B066A90DF09C46B445798D /* [CP] Embed Pods Frameworks */,
				D20B83603925EC2CFD6BA91E /* [CP] Copy Pods Resources */,
			);
			buildRules = (
			);
			dependencies = (
				70847D6A1DF6CBD60073C0F9 /* PBXTargetDependency */,
			);
			name = FundoUITests;
			productName = FundoUITests;
			productReference = 70847D681DF6CBD60073C0F9 /* FundoUITests.xctest */;
			productType = "com.apple.product-type.bundle.ui-testing";
		};
/* End PBXNativeTarget section */

/* Begin PBXProject section */
		70847D3E1DF6CBD50073C0F9 /* Project object */ = {
			isa = PBXProject;
			attributes = {
				LastSwiftUpdateCheck = 0810;
				LastUpgradeCheck = 0810;
				ORGANIZATIONNAME = "BridgeLabz Solution LLP";
				TargetAttributes = {
					70847D451DF6CBD50073C0F9 = {
						CreatedOnToolsVersion = 8.1;
						LastSwiftMigration = 0810;
						ProvisioningStyle = Automatic;
					};
					70847D5C1DF6CBD60073C0F9 = {
						CreatedOnToolsVersion = 8.1;
						ProvisioningStyle = Automatic;
						TestTargetID = 70847D451DF6CBD50073C0F9;
					};
					70847D671DF6CBD60073C0F9 = {
						CreatedOnToolsVersion = 8.1;
						ProvisioningStyle = Automatic;
						TestTargetID = 70847D451DF6CBD50073C0F9;
					};
				};
			};
			buildConfigurationList = 70847D411DF6CBD50073C0F9 /* Build configuration list for PBXProject "Fundo" */;
			compatibilityVersion = "Xcode 3.2";
			developmentRegion = English;
			hasScannedForEncodings = 0;
			knownRegions = (
				en,
				Base,
			);
			mainGroup = 70847D3D1DF6CBD50073C0F9;
			productRefGroup = 70847D471DF6CBD50073C0F9 /* Products */;
			projectDirPath = "";
			projectRoot = "";
			targets = (
				70847D451DF6CBD50073C0F9 /* Fundo */,
				70847D5C1DF6CBD60073C0F9 /* FundoTests */,
				70847D671DF6CBD60073C0F9 /* FundoUITests */,
			);
		};
/* End PBXProject section */

/* Begin PBXResourcesBuildPhase section */
		70847D441DF6CBD50073C0F9 /* Resources */ = {
			isa = PBXResourcesBuildPhase;
			buildActionMask = 2147483647;
			files = (
				0A6E60981E0BB1DA00B06565 /* CellView.xib in Resources */,
				70847D571DF6CBD60073C0F9 /* LaunchScreen.storyboard in Resources */,
				70847D541DF6CBD50073C0F9 /* Assets.xcassets in Resources */,
				70BBF3DF1E37953B00138D9A /* Property List.plist in Resources */,
				701073FC1E1E67B40003D522 /* Main.storyboard in Resources */,
			);
			runOnlyForDeploymentPostprocessing = 0;
		};
		70847D5B1DF6CBD60073C0F9 /* Resources */ = {
			isa = PBXResourcesBuildPhase;
			buildActionMask = 2147483647;
			files = (
			);
			runOnlyForDeploymentPostprocessing = 0;
		};
		70847D661DF6CBD60073C0F9 /* Resources */ = {
			isa = PBXResourcesBuildPhase;
			buildActionMask = 2147483647;
			files = (
			);
			runOnlyForDeploymentPostprocessing = 0;
		};
/* End PBXResourcesBuildPhase section */

/* Begin PBXShellScriptBuildPhase section */
		086CA949DD806B1244963560 /* [CP] Embed Pods Frameworks */ = {
			isa = PBXShellScriptBuildPhase;
			buildActionMask = 2147483647;
			files = (
			);
			inputPaths = (
			);
			name = "[CP] Embed Pods Frameworks";
			outputPaths = (
			);
			runOnlyForDeploymentPostprocessing = 0;
			shellPath = /bin/sh;
			shellScript = "\"${SRCROOT}/Pods/Target Support Files/Pods-FundoTests/Pods-FundoTests-frameworks.sh\"\n";
			showEnvVarsInLog = 0;
		};
		180CA09D73C4DF2FB7C5768D /* [CP] Copy Pods Resources */ = {
			isa = PBXShellScriptBuildPhase;
			buildActionMask = 2147483647;
			files = (
			);
			inputPaths = (
			);
			name = "[CP] Copy Pods Resources";
			outputPaths = (
			);
			runOnlyForDeploymentPostprocessing = 0;
			shellPath = /bin/sh;
			shellScript = "\"${SRCROOT}/Pods/Target Support Files/Pods-FundoTests/Pods-FundoTests-resources.sh\"\n";
			showEnvVarsInLog = 0;
		};
		1C9252E0F7868DDC151471D0 /* [CP] Embed Pods Frameworks */ = {
			isa = PBXShellScriptBuildPhase;
			buildActionMask = 2147483647;
			files = (
			);
			inputPaths = (
			);
			name = "[CP] Embed Pods Frameworks";
			outputPaths = (
			);
			runOnlyForDeploymentPostprocessing = 0;
			shellPath = /bin/sh;
			shellScript = "\"${SRCROOT}/Pods/Target Support Files/Pods-Fundo/Pods-Fundo-frameworks.sh\"\n";
			showEnvVarsInLog = 0;
		};
		230FE57B7390681B4872D4AC /* [CP] Check Pods Manifest.lock */ = {
			isa = PBXShellScriptBuildPhase;
			buildActionMask = 2147483647;
			files = (
			);
			inputPaths = (
			);
			name = "[CP] Check Pods Manifest.lock";
			outputPaths = (
			);
			runOnlyForDeploymentPostprocessing = 0;
			shellPath = /bin/sh;
			shellScript = "diff \"${PODS_ROOT}/../Podfile.lock\" \"${PODS_ROOT}/Manifest.lock\" > /dev/null\nif [ $? != 0 ] ; then\n    # print error to STDERR\n    echo \"error: The sandbox is not in sync with the Podfile.lock. Run 'pod install' or update your CocoaPods installation.\" >&2\n    exit 1\nfi\n";
			showEnvVarsInLog = 0;
		};
		76B066A90DF09C46B445798D /* [CP] Embed Pods Frameworks */ = {
			isa = PBXShellScriptBuildPhase;
			buildActionMask = 2147483647;
			files = (
			);
			inputPaths = (
			);
			name = "[CP] Embed Pods Frameworks";
			outputPaths = (
			);
			runOnlyForDeploymentPostprocessing = 0;
			shellPath = /bin/sh;
			shellScript = "\"${SRCROOT}/Pods/Target Support Files/Pods-FundoUITests/Pods-FundoUITests-frameworks.sh\"\n";
			showEnvVarsInLog = 0;
		};
		8FDB8DC011C1A6EC75BD5A5E /* [CP] Check Pods Manifest.lock */ = {
			isa = PBXShellScriptBuildPhase;
			buildActionMask = 2147483647;
			files = (
			);
			inputPaths = (
			);
			name = "[CP] Check Pods Manifest.lock";
			outputPaths = (
			);
			runOnlyForDeploymentPostprocessing = 0;
			shellPath = /bin/sh;
			shellScript = "diff \"${PODS_ROOT}/../Podfile.lock\" \"${PODS_ROOT}/Manifest.lock\" > /dev/null\nif [ $? != 0 ] ; then\n    # print error to STDERR\n    echo \"error: The sandbox is not in sync with the Podfile.lock. Run 'pod install' or update your CocoaPods installation.\" >&2\n    exit 1\nfi\n";
			showEnvVarsInLog = 0;
		};
		B09B052F56BC521208F30327 /* [CP] Check Pods Manifest.lock */ = {
			isa = PBXShellScriptBuildPhase;
			buildActionMask = 2147483647;
			files = (
			);
			inputPaths = (
			);
			name = "[CP] Check Pods Manifest.lock";
			outputPaths = (
			);
			runOnlyForDeploymentPostprocessing = 0;
			shellPath = /bin/sh;
			shellScript = "diff \"${PODS_ROOT}/../Podfile.lock\" \"${PODS_ROOT}/Manifest.lock\" > /dev/null\nif [ $? != 0 ] ; then\n    # print error to STDERR\n    echo \"error: The sandbox is not in sync with the Podfile.lock. Run 'pod install' or update your CocoaPods installation.\" >&2\n    exit 1\nfi\n";
			showEnvVarsInLog = 0;
		};
		D0B8E9934302251D07214924 /* [CP] Copy Pods Resources */ = {
			isa = PBXShellScriptBuildPhase;
			buildActionMask = 2147483647;
			files = (
			);
			inputPaths = (
			);
			name = "[CP] Copy Pods Resources";
			outputPaths = (
			);
			runOnlyForDeploymentPostprocessing = 0;
			shellPath = /bin/sh;
			shellScript = "\"${SRCROOT}/Pods/Target Support Files/Pods-Fundo/Pods-Fundo-resources.sh\"\n";
			showEnvVarsInLog = 0;
		};
		D20B83603925EC2CFD6BA91E /* [CP] Copy Pods Resources */ = {
			isa = PBXShellScriptBuildPhase;
			buildActionMask = 2147483647;
			files = (
			);
			inputPaths = (
			);
			name = "[CP] Copy Pods Resources";
			outputPaths = (
			);
			runOnlyForDeploymentPostprocessing = 0;
			shellPath = /bin/sh;
			shellScript = "\"${SRCROOT}/Pods/Target Support Files/Pods-FundoUITests/Pods-FundoUITests-resources.sh\"\n";
			showEnvVarsInLog = 0;
		};
/* End PBXShellScriptBuildPhase section */

/* Begin PBXSourcesBuildPhase section */
		70847D421DF6CBD50073C0F9 /* Sources */ = {
			isa = PBXSourcesBuildPhase;
			buildActionMask = 2147483647;
			files = (
				705DF99E1E2500C000181221 /* attendanceController.swift in Sources */,
				706E521C1DF7C32700D57EED /* bankView.swift in Sources */,
				701073F31E1E59380003D522 /* sideMenuTableViewCell.swift in Sources */,
				70B69F921E1B80B300AF8E84 /* personalProtocols.swift in Sources */,
				70E85D791E1D2F680041B148 /* enggInfoViewModel.swift in Sources */,
				70E85D811E1D2FE10041B148 /* enggInfoProtocal.swift in Sources */,
				70847D521DF6CBD50073C0F9 /* Fundo.xcdatamodeld in Sources */,
				70E85D651E1D11590041B148 /* bankDataModel.swift in Sources */,
				70D5B25B1E07C800006CA48D /* profileView.swift in Sources */,
				707A24A51E1CBC940081FCD6 /* profileDataController.swift in Sources */,
				7085135B1E28880C0057B8F0 /* attendancePopUpModel.swift in Sources */,
				705A5ED21E39C7840011C529 /* loginProtocols.swift in Sources */,
				706E52141DF7C20C00D57EED /* attendanceView.swift in Sources */,
				706E52181DF7C29E00D57EED /* engineerInfoView.swift in Sources */,
				70FCC67D1E2600DF00E65985 /* attendanceModel.swift in Sources */,
				701073F11E1E59110003D522 /* sideMenu.swift in Sources */,
				702F16431E1A5DA100CD268D /* hrDataModel.swift in Sources */,
				70E85D691E1D117E0041B148 /* bankDataController.swift in Sources */,
				705A5ED01E39C1FD0011C529 /* loginServices.swift in Sources */,
				705DF99C1E24F9E200181221 /* attendanceServices.swift in Sources */,
				707A24AE1E1CC3150081FCD6 /* profileProtocols.swift in Sources */,
				70E85D7B1E1D2FAA0041B148 /* enggInfoController.swift in Sources */,
				0A1675C61E128FFD001EB6C6 /* attendanceCollectionViewCell.swift in Sources */,
				706E521E1DF7C33B00D57EED /* trackingView.swift in Sources */,
				70E85D631E1D11430041B148 /* bankProtocal.swift in Sources */,
				705DF9A01E2500DE00181221 /* attendanceViewModel.swift in Sources */,
				705DF9A21E2500FC00181221 /* attendanceProtocols.swift in Sources */,
				701073F91E1E5DFD0003D522 /* dashboardCollectionViewCell.swift in Sources */,
				706E52161DF7C25600D57EED /* personalView.swift in Sources */,
				70B69F981E1B810E00AF8E84 /* personalViewModel.swift in Sources */,
				701073F51E1E5CF40003D522 /* dashBoardViewController.swift in Sources */,
				70E85D771E1D1C8A0041B148 /* trackingDataViewModel.swift in Sources */,
				70E85D731E1D1C210041B148 /* trackingController.swift in Sources */,
				70E85D6F1E1D1BFE0041B148 /* trackingDataModel.swift in Sources */,
				70B69F961E1B80F700AF8E84 /* personalDataController.swift in Sources */,
				7078996D1E3891D400C3AABC /* utility.swift in Sources */,
				705A5ECE1E39C1E70011C529 /* loginController.swift in Sources */,
				70E85D6D1E1D1BE90041B148 /* trackingProtocol.swift in Sources */,
				707A24A31E1CBC7E0081FCD6 /* profileDataViewModel.swift in Sources */,
				70E85D7D1E1D2FBA0041B148 /* enggInfoServices.swift in Sources */,
				70E85D671E1D116D0041B148 /* bankDataServices.swift in Sources */,
				702F16451E1A664000CD268D /* hrDataServices.swift in Sources */,
				702F16471E1A786300CD268D /* hrDataController.swift in Sources */,
				70575C061E0B9403009BEF7F /* MGCollapsingHeaderView.m in Sources */,
				70B69F941E1B80CD00AF8E84 /* personalDataServices.swift in Sources */,
				70E85D7F1E1D2FCE0041B148 /* enggInfoModel.swift in Sources */,
				0A6E60971E0BB1DA00B06565 /* CellView.swift in Sources */,
				70E85D6B1E1D118E0041B148 /* bankViewModel.swift in Sources */,
				706E521A1DF7C2BF00D57EED /* HRDataView.swift in Sources */,
				707A24A71E1CBCAD0081FCD6 /* profileDataServices.swift in Sources */,
				702F16491E1A787D00CD268D /* hrDataViewModel.swift in Sources */,
				0A6D6F8B1E12556B00A327C4 /* AttendancePopUp.swift in Sources */,
				70847D4C1DF6CBD50073C0F9 /* ViewController.swift in Sources */,
				702F164B1E1A78B600CD268D /* hrDataProtocols.swift in Sources */,
				701073ED1E1E2D150003D522 /* SWRevealViewController.m in Sources */,
				707A24AC1E1CBD2C0081FCD6 /* profileDataModel.swift in Sources */,
				701073EF1E1E327B0003D522 /* loginViewController.swift in Sources */,
				705A5ECC1E39C1D50011C529 /* loginViewModel.swift in Sources */,
				70847D4A1DF6CBD50073C0F9 /* AppDelegate.swift in Sources */,
				70E85D711E1D1C110041B148 /* trackindgServices.swift in Sources */,
				70B69F901E1B809F00AF8E84 /* personalDataModel.swift in Sources */,
			);
			runOnlyForDeploymentPostprocessing = 0;
		};
		70847D591DF6CBD60073C0F9 /* Sources */ = {
			isa = PBXSourcesBuildPhase;
			buildActionMask = 2147483647;
			files = (
				70847D621DF6CBD60073C0F9 /* FundoTests.swift in Sources */,
			);
			runOnlyForDeploymentPostprocessing = 0;
		};
		70847D641DF6CBD60073C0F9 /* Sources */ = {
			isa = PBXSourcesBuildPhase;
			buildActionMask = 2147483647;
			files = (
				70847D6D1DF6CBD60073C0F9 /* FundoUITests.swift in Sources */,
			);
			runOnlyForDeploymentPostprocessing = 0;
		};
/* End PBXSourcesBuildPhase section */

/* Begin PBXTargetDependency section */
		70847D5F1DF6CBD60073C0F9 /* PBXTargetDependency */ = {
			isa = PBXTargetDependency;
			target = 70847D451DF6CBD50073C0F9 /* Fundo */;
			targetProxy = 70847D5E1DF6CBD60073C0F9 /* PBXContainerItemProxy */;
		};
		70847D6A1DF6CBD60073C0F9 /* PBXTargetDependency */ = {
			isa = PBXTargetDependency;
			target = 70847D451DF6CBD50073C0F9 /* Fundo */;
			targetProxy = 70847D691DF6CBD60073C0F9 /* PBXContainerItemProxy */;
		};
/* End PBXTargetDependency section */

/* Begin PBXVariantGroup section */
		701073FA1E1E67B40003D522 /* Main.storyboard */ = {
			isa = PBXVariantGroup;
			children = (
				701073FB1E1E67B40003D522 /* Base */,
			);
			name = Main.storyboard;
			sourceTree = "<group>";
		};
		70847D551DF6CBD60073C0F9 /* LaunchScreen.storyboard */ = {
			isa = PBXVariantGroup;
			children = (
				70847D561DF6CBD60073C0F9 /* Base */,
			);
			name = LaunchScreen.storyboard;
			sourceTree = "<group>";
		};
/* End PBXVariantGroup section */

/* Begin XCBuildConfiguration section */
		70847D6F1DF6CBD60073C0F9 /* Debug */ = {
			isa = XCBuildConfiguration;
			buildSettings = {
				ALWAYS_SEARCH_USER_PATHS = NO;
				CLANG_ANALYZER_NONNULL = YES;
				CLANG_CXX_LANGUAGE_STANDARD = "gnu++0x";
				CLANG_CXX_LIBRARY = "libc++";
				CLANG_ENABLE_MODULES = YES;
				CLANG_ENABLE_OBJC_ARC = YES;
				CLANG_WARN_BOOL_CONVERSION = YES;
				CLANG_WARN_CONSTANT_CONVERSION = YES;
				CLANG_WARN_DIRECT_OBJC_ISA_USAGE = YES_ERROR;
				CLANG_WARN_DOCUMENTATION_COMMENTS = YES;
				CLANG_WARN_EMPTY_BODY = YES;
				CLANG_WARN_ENUM_CONVERSION = YES;
				CLANG_WARN_INFINITE_RECURSION = YES;
				CLANG_WARN_INT_CONVERSION = YES;
				CLANG_WARN_OBJC_ROOT_CLASS = YES_ERROR;
				CLANG_WARN_SUSPICIOUS_MOVES = YES;
				CLANG_WARN_UNREACHABLE_CODE = YES;
				CLANG_WARN__DUPLICATE_METHOD_MATCH = YES;
				"CODE_SIGN_IDENTITY[sdk=iphoneos*]" = "iPhone Developer";
				COPY_PHASE_STRIP = NO;
				DEBUG_INFORMATION_FORMAT = dwarf;
				ENABLE_STRICT_OBJC_MSGSEND = YES;
				ENABLE_TESTABILITY = YES;
				GCC_C_LANGUAGE_STANDARD = gnu99;
				GCC_DYNAMIC_NO_PIC = NO;
				GCC_NO_COMMON_BLOCKS = YES;
				GCC_OPTIMIZATION_LEVEL = 0;
				GCC_PREPROCESSOR_DEFINITIONS = (
					"DEBUG=1",
					"$(inherited)",
				);
				GCC_WARN_64_TO_32_BIT_CONVERSION = YES;
				GCC_WARN_ABOUT_RETURN_TYPE = YES_ERROR;
				GCC_WARN_UNDECLARED_SELECTOR = YES;
				GCC_WARN_UNINITIALIZED_AUTOS = YES_AGGRESSIVE;
				GCC_WARN_UNUSED_FUNCTION = YES;
				GCC_WARN_UNUSED_VARIABLE = YES;
				IPHONEOS_DEPLOYMENT_TARGET = 10.1;
				MTL_ENABLE_DEBUG_INFO = YES;
				ONLY_ACTIVE_ARCH = YES;
				SDKROOT = iphoneos;
				SWIFT_ACTIVE_COMPILATION_CONDITIONS = DEBUG;
				SWIFT_OPTIMIZATION_LEVEL = "-Onone";
				TARGETED_DEVICE_FAMILY = "1,2";
			};
			name = Debug;
		};
		70847D701DF6CBD60073C0F9 /* Release */ = {
			isa = XCBuildConfiguration;
			buildSettings = {
				ALWAYS_SEARCH_USER_PATHS = NO;
				CLANG_ANALYZER_NONNULL = YES;
				CLANG_CXX_LANGUAGE_STANDARD = "gnu++0x";
				CLANG_CXX_LIBRARY = "libc++";
				CLANG_ENABLE_MODULES = YES;
				CLANG_ENABLE_OBJC_ARC = YES;
				CLANG_WARN_BOOL_CONVERSION = YES;
				CLANG_WARN_CONSTANT_CONVERSION = YES;
				CLANG_WARN_DIRECT_OBJC_ISA_USAGE = YES_ERROR;
				CLANG_WARN_DOCUMENTATION_COMMENTS = YES;
				CLANG_WARN_EMPTY_BODY = YES;
				CLANG_WARN_ENUM_CONVERSION = YES;
				CLANG_WARN_INFINITE_RECURSION = YES;
				CLANG_WARN_INT_CONVERSION = YES;
				CLANG_WARN_OBJC_ROOT_CLASS = YES_ERROR;
				CLANG_WARN_SUSPICIOUS_MOVES = YES;
				CLANG_WARN_UNREACHABLE_CODE = YES;
				CLANG_WARN__DUPLICATE_METHOD_MATCH = YES;
				"CODE_SIGN_IDENTITY[sdk=iphoneos*]" = "iPhone Developer";
				COPY_PHASE_STRIP = NO;
				DEBUG_INFORMATION_FORMAT = "dwarf-with-dsym";
				ENABLE_NS_ASSERTIONS = NO;
				ENABLE_STRICT_OBJC_MSGSEND = YES;
				GCC_C_LANGUAGE_STANDARD = gnu99;
				GCC_NO_COMMON_BLOCKS = YES;
				GCC_WARN_64_TO_32_BIT_CONVERSION = YES;
				GCC_WARN_ABOUT_RETURN_TYPE = YES_ERROR;
				GCC_WARN_UNDECLARED_SELECTOR = YES;
				GCC_WARN_UNINITIALIZED_AUTOS = YES_AGGRESSIVE;
				GCC_WARN_UNUSED_FUNCTION = YES;
				GCC_WARN_UNUSED_VARIABLE = YES;
				IPHONEOS_DEPLOYMENT_TARGET = 10.1;
				MTL_ENABLE_DEBUG_INFO = NO;
				SDKROOT = iphoneos;
				SWIFT_OPTIMIZATION_LEVEL = "-Owholemodule";
				TARGETED_DEVICE_FAMILY = "1,2";
				VALIDATE_PRODUCT = YES;
			};
			name = Release;
		};
		70847D721DF6CBD60073C0F9 /* Debug */ = {
			isa = XCBuildConfiguration;
			baseConfigurationReference = 20568F65172532D144FE9BB2 /* Pods-Fundo.debug.xcconfig */;
			buildSettings = {
				ASSETCATALOG_COMPILER_APPICON_NAME = AppIcon;
				CLANG_ENABLE_MODULES = YES;
				INFOPLIST_FILE = Fundo/Info.plist;
				LD_RUNPATH_SEARCH_PATHS = "$(inherited) @executable_path/Frameworks";
				PRODUCT_BUNDLE_IDENTIFIER = edu.self.Fundo;
				PRODUCT_NAME = "$(TARGET_NAME)";
				SWIFT_OBJC_BRIDGING_HEADER = "Fundo-Bridging-Header.h";
				SWIFT_OPTIMIZATION_LEVEL = "-Onone";
				SWIFT_VERSION = 3.0;
			};
			name = Debug;
		};
		70847D731DF6CBD60073C0F9 /* Release */ = {
			isa = XCBuildConfiguration;
			baseConfigurationReference = AE52790130F60AD297F8927A /* Pods-Fundo.release.xcconfig */;
			buildSettings = {
				ASSETCATALOG_COMPILER_APPICON_NAME = AppIcon;
				CLANG_ENABLE_MODULES = YES;
				INFOPLIST_FILE = Fundo/Info.plist;
				LD_RUNPATH_SEARCH_PATHS = "$(inherited) @executable_path/Frameworks";
				PRODUCT_BUNDLE_IDENTIFIER = edu.self.Fundo;
				PRODUCT_NAME = "$(TARGET_NAME)";
				SWIFT_OBJC_BRIDGING_HEADER = "Fundo-Bridging-Header.h";
				SWIFT_VERSION = 3.0;
			};
			name = Release;
		};
		70847D751DF6CBD60073C0F9 /* Debug */ = {
			isa = XCBuildConfiguration;
			baseConfigurationReference = DC6FEEDCE310FFA01B87F9EF /* Pods-FundoTests.debug.xcconfig */;
			buildSettings = {
				ALWAYS_EMBED_SWIFT_STANDARD_LIBRARIES = YES;
				BUNDLE_LOADER = "$(TEST_HOST)";
				INFOPLIST_FILE = FundoTests/Info.plist;
				LD_RUNPATH_SEARCH_PATHS = "$(inherited) @executable_path/Frameworks @loader_path/Frameworks";
				PRODUCT_BUNDLE_IDENTIFIER = edu.self.FundoTests;
				PRODUCT_NAME = "$(TARGET_NAME)";
				SWIFT_VERSION = 3.0;
				TEST_HOST = "$(BUILT_PRODUCTS_DIR)/Fundo.app/Fundo";
			};
			name = Debug;
		};
		70847D761DF6CBD60073C0F9 /* Release */ = {
			isa = XCBuildConfiguration;
			baseConfigurationReference = A6DA39719AB11A2D3D56EB99 /* Pods-FundoTests.release.xcconfig */;
			buildSettings = {
				ALWAYS_EMBED_SWIFT_STANDARD_LIBRARIES = YES;
				BUNDLE_LOADER = "$(TEST_HOST)";
				INFOPLIST_FILE = FundoTests/Info.plist;
				LD_RUNPATH_SEARCH_PATHS = "$(inherited) @executable_path/Frameworks @loader_path/Frameworks";
				PRODUCT_BUNDLE_IDENTIFIER = edu.self.FundoTests;
				PRODUCT_NAME = "$(TARGET_NAME)";
				SWIFT_VERSION = 3.0;
				TEST_HOST = "$(BUILT_PRODUCTS_DIR)/Fundo.app/Fundo";
			};
			name = Release;
		};
		70847D781DF6CBD60073C0F9 /* Debug */ = {
			isa = XCBuildConfiguration;
			baseConfigurationReference = 1D1955E8300A102B0A89674F /* Pods-FundoUITests.debug.xcconfig */;
			buildSettings = {
				ALWAYS_EMBED_SWIFT_STANDARD_LIBRARIES = YES;
				INFOPLIST_FILE = FundoUITests/Info.plist;
				LD_RUNPATH_SEARCH_PATHS = "$(inherited) @executable_path/Frameworks @loader_path/Frameworks";
				PRODUCT_BUNDLE_IDENTIFIER = edu.self.FundoUITests;
				PRODUCT_NAME = "$(TARGET_NAME)";
				SWIFT_VERSION = 3.0;
				TEST_TARGET_NAME = Fundo;
			};
			name = Debug;
		};
		70847D791DF6CBD60073C0F9 /* Release */ = {
			isa = XCBuildConfiguration;
			baseConfigurationReference = 02E37E9434A15C89D24A761E /* Pods-FundoUITests.release.xcconfig */;
			buildSettings = {
				ALWAYS_EMBED_SWIFT_STANDARD_LIBRARIES = YES;
				INFOPLIST_FILE = FundoUITests/Info.plist;
				LD_RUNPATH_SEARCH_PATHS = "$(inherited) @executable_path/Frameworks @loader_path/Frameworks";
				PRODUCT_BUNDLE_IDENTIFIER = edu.self.FundoUITests;
				PRODUCT_NAME = "$(TARGET_NAME)";
				SWIFT_VERSION = 3.0;
				TEST_TARGET_NAME = Fundo;
			};
			name = Release;
		};
/* End XCBuildConfiguration section */

/* Begin XCConfigurationList section */
		70847D411DF6CBD50073C0F9 /* Build configuration list for PBXProject "Fundo" */ = {
			isa = XCConfigurationList;
			buildConfigurations = (
				70847D6F1DF6CBD60073C0F9 /* Debug */,
				70847D701DF6CBD60073C0F9 /* Release */,
			);
			defaultConfigurationIsVisible = 0;
			defaultConfigurationName = Release;
		};
		70847D711DF6CBD60073C0F9 /* Build configuration list for PBXNativeTarget "Fundo" */ = {
			isa = XCConfigurationList;
			buildConfigurations = (
				70847D721DF6CBD60073C0F9 /* Debug */,
				70847D731DF6CBD60073C0F9 /* Release */,
			);
			defaultConfigurationIsVisible = 0;
			defaultConfigurationName = Release;
		};
		70847D741DF6CBD60073C0F9 /* Build configuration list for PBXNativeTarget "FundoTests" */ = {
			isa = XCConfigurationList;
			buildConfigurations = (
				70847D751DF6CBD60073C0F9 /* Debug */,
				70847D761DF6CBD60073C0F9 /* Release */,
			);
			defaultConfigurationIsVisible = 0;
			defaultConfigurationName = Release;
		};
		70847D771DF6CBD60073C0F9 /* Build configuration list for PBXNativeTarget "FundoUITests" */ = {
			isa = XCConfigurationList;
			buildConfigurations = (
				70847D781DF6CBD60073C0F9 /* Debug */,
				70847D791DF6CBD60073C0F9 /* Release */,
			);
			defaultConfigurationIsVisible = 0;
			defaultConfigurationName = Release;
		};
/* End XCConfigurationList section */

/* Begin XCVersionGroup section */
		70847D501DF6CBD50073C0F9 /* Fundo.xcdatamodeld */ = {
			isa = XCVersionGroup;
			children = (
				70847D511DF6CBD50073C0F9 /* Fundo.xcdatamodel */,
			);
			currentVersion = 70847D511DF6CBD50073C0F9 /* Fundo.xcdatamodel */;
			path = Fundo.xcdatamodeld;
			sourceTree = "<group>";
			versionGroupType = wrapper.xcdatamodel;
		};
/* End XCVersionGroup section */
	};
	rootObject = 70847D3E1DF6CBD50073C0F9 /* Project object */;
}
